{
  "pins" : [
    {
      "identity" : "alamofire",
      "kind" : "remoteSourceControl",
      "location" : "https://github.com/Alamofire/Alamofire.git",
      "state" : {
        "branch" : "master",
        "revision" : "bdecb2c87a21a236dcfe88b21532ad3f0e3d20f4"
      }
    },
    {
      "identity" : "axisratingbar",
      "kind" : "remoteSourceControl",
      "location" : "https://github.com/jasudev/AxisRatingBar.git",
      "state" : {
        "revision" : "edc48620a2cd9f6b3cec0642ebcac4a6cf6d0e56",
        "version" : "0.5.0"
      }
    },
    {
      "identity" : "combinecocoa",
      "kind" : "remoteSourceControl",
      "location" : "https://github.com/CombineCommunity/CombineCocoa.git",
      "state" : {
        "revision" : "4e262c2f9fb1cee1cb3be5717f7e6b55eb823971",
        "version" : "0.4.0"
      }
    },
    {
      "identity" : "cwlcatchexception",
      "kind" : "remoteSourceControl",
      "location" : "https://github.com/mattgallagher/CwlCatchException.git",
      "state" : {
        "revision" : "35f9e770f54ce62dd8526470f14c6e137cef3eea",
        "version" : "2.1.1"
      }
    },
    {
      "identity" : "cwlpreconditiontesting",
      "kind" : "remoteSourceControl",
      "location" : "https://github.com/mattgallagher/CwlPreconditionTesting.git",
      "state" : {
        "revision" : "c21f7bab5ca8eee0a9998bbd17ca1d0eb45d4688",
        "version" : "2.1.0"
      }
    },
    {
      "identity" : "floatingpanel",
      "kind" : "remoteSourceControl",
      "location" : "https://github.com/scenee/FloatingPanel.git",
      "state" : {
        "branch" : "master",
        "revision" : "05813253f95a800caf0a57b5236180e6dfb3fc0c"
      }
    },
    {
      "identity" : "lottie-ios",
      "kind" : "remoteSourceControl",
      "location" : "https://github.com/airbnb/lottie-ios.git",
      "state" : {
        "revision" : "b4bd0604ded9574807f41b4004b57dd1226a30a4",
        "version" : "3.5.0"
      }
    },
    {
      "identity" : "nimble",
      "kind" : "remoteSourceControl",
      "location" : "https://github.com/Quick/Nimble.git",
      "state" : {
        "branch" : "main",
        "revision" : "4e2015ae9c4636ed54463a5000094af23fa92524"
      }
    },
    {
      "identity" : "quick",
      "kind" : "remoteSourceControl",
      "location" : "https://github.com/Quick/Quick.git",
      "state" : {
        "branch" : "main",
        "revision" : "4a2ca8d680f933f4fbf7b92e4cfa510aceb06d94"
      }
    },
    {
      "identity" : "sdwebimage",
      "kind" : "remoteSourceControl",
      "location" : "https://github.com/SDWebImage/SDWebImage.git",
      "state" : {
        "branch" : "master",
        "revision" : "9248fe561a2a153916fb9597e3af4434784c6d32"
      }
    },
    {
      "identity" : "skeletonview",
      "kind" : "remoteSourceControl",
      "location" : "https://github.com/Juanpe/SkeletonView.git",
      "state" : {
        "revision" : "739a4f5d78731bebc48811c75fa9e1f4c4cef23e",
        "version" : "1.30.4"
      }
    },
    {
      "identity" : "swift-crypto",
      "kind" : "remoteSourceControl",
      "location" : "https://github.com/apple/swift-crypto.git",
      "state" : {
        "revision" : "d9825fa541df64b1a7b182178d61b9a82730d01f",
        "version" : "2.1.0"
      }
    },
    {
      "identity" : "umabasicalertkit",
      "kind" : "remoteSourceControl",
      "location" : "https://github.com/umaKim/UmaBasicAlertKit.git",
      "state" : {
        "branch" : "main",
        "revision" : "b38fab64f986a2a2447f06a05566111e44e84a85"
      }
    }
  ],
  "version" : 2
}
