{
  "pins" : [
    {
      "identity" : "alamofire",
      "kind" : "remoteSourceControl",
      "location" : "https://github.com/Alamofire/Alamofire.git",
      "state" : {
        "branch" : "master",
        "revision" : "78424be314842833c04bc3bef5b72e85fff99204"
      }
    },
    {
      "identity" : "axisratingbar",
      "kind" : "remoteSourceControl",
      "location" : "https://github.com/jasudev/AxisRatingBar.git",
      "state" : {
        "revision" : "edc48620a2cd9f6b3cec0642ebcac4a6cf6d0e56",
        "version" : "0.5.0"
      }
    },
    {
      "identity" : "combinecocoa",
      "kind" : "remoteSourceControl",
      "location" : "https://github.com/CombineCommunity/CombineCocoa.git",
      "state" : {
        "revision" : "7300c75ff9e072aa7fd0fccefcc88f74aae9bf56",
        "version" : "0.4.1"
      }
    },
    {
      "identity" : "cwlcatchexception",
      "kind" : "remoteSourceControl",
      "location" : "https://github.com/mattgallagher/CwlCatchException.git",
      "state" : {
        "revision" : "35f9e770f54ce62dd8526470f14c6e137cef3eea",
        "version" : "2.1.1"
      }
    },
    {
      "identity" : "cwlpreconditiontesting",
      "kind" : "remoteSourceControl",
      "location" : "https://github.com/mattgallagher/CwlPreconditionTesting.git",
      "state" : {
        "revision" : "c21f7bab5ca8eee0a9998bbd17ca1d0eb45d4688",
        "version" : "2.1.0"
      }
    },
    {
      "identity" : "floatingpanel",
      "kind" : "remoteSourceControl",
      "location" : "https://github.com/scenee/FloatingPanel.git",
      "state" : {
        "branch" : "master",
        "revision" : "05813253f95a800caf0a57b5236180e6dfb3fc0c"
      }
    },
    {
      "identity" : "lottie-ios",
      "kind" : "remoteSourceControl",
      "location" : "https://github.com/airbnb/lottie-ios.git",
      "state" : {
        "revision" : "b4bd0604ded9574807f41b4004b57dd1226a30a4",
        "version" : "3.5.0"
      }
    },
    {
      "identity" : "nimble",
      "kind" : "remoteSourceControl",
      "location" : "https://github.com/Quick/Nimble.git",
      "state" : {
        "branch" : "main",
        "revision" : "b7f6c49acdb247e3158198c5448b38c3cc595533"
      }
    },
    {
      "identity" : "quick",
      "kind" : "remoteSourceControl",
      "location" : "https://github.com/Quick/Quick.git",
      "state" : {
        "branch" : "main",
        "revision" : "16910e406be96e08923918315388c3e989deac9e"
      }
    },
    {
      "identity" : "sdwebimage",
      "kind" : "remoteSourceControl",
      "location" : "https://github.com/SDWebImage/SDWebImage.git",
      "state" : {
        "branch" : "master",
        "revision" : "430ef4d73ca268d8efcefad08d3ac020af91c750"
      }
    },
    {
      "identity" : "skeletonview",
      "kind" : "remoteSourceControl",
      "location" : "https://github.com/Juanpe/SkeletonView.git",
      "state" : {
        "revision" : "739a4f5d78731bebc48811c75fa9e1f4c4cef23e",
        "version" : "1.30.4"
      }
    },
    {
      "identity" : "swift-crypto",
      "kind" : "remoteSourceControl",
      "location" : "https://github.com/apple/swift-crypto.git",
      "state" : {
        "revision" : "71ae6adf89ba5346a209ec7f48dbb571a7e8ad1e",
        "version" : "2.2.1"
      }
    },
    {
      "identity" : "umabasicalertkit",
      "kind" : "remoteSourceControl",
      "location" : "https://github.com/umaKim/UmaBasicAlertKit.git",
      "state" : {
        "branch" : "main",
        "revision" : "1dbcbf2c0fc8a0a8892c012856393eff67f37e94"
      }
    }
  ],
  "version" : 2
}
