{
  "pins" : [
    {
      "identity" : "alamofire",
      "kind" : "remoteSourceControl",
      "location" : "https://github.com/Alamofire/Alamofire.git",
      "state" : {
        "branch" : "master",
        "revision" : "51d67100121d586c9d15ec0227de96442af4dd6d"
      }
    },
    {
      "identity" : "axisratingbar",
      "kind" : "remoteSourceControl",
      "location" : "https://github.com/jasudev/AxisRatingBar.git",
      "state" : {
        "revision" : "edc48620a2cd9f6b3cec0642ebcac4a6cf6d0e56",
        "version" : "0.5.0"
      }
    },
    {
      "identity" : "combinecocoa",
      "kind" : "remoteSourceControl",
      "location" : "https://github.com/CombineCommunity/CombineCocoa.git",
      "state" : {
        "revision" : "4e262c2f9fb1cee1cb3be5717f7e6b55eb823971",
        "version" : "0.4.0"
      }
    },
    {
      "identity" : "floatingpanel",
      "kind" : "remoteSourceControl",
      "location" : "https://github.com/scenee/FloatingPanel.git",
      "state" : {
        "branch" : "master",
        "revision" : "aef914e0fdf1c7473f9ba01c4e4b7c9288ddabc3"
      }
    },
    {
      "identity" : "lottie-ios",
      "kind" : "remoteSourceControl",
      "location" : "https://github.com/airbnb/lottie-ios.git",
      "state" : {
        "revision" : "314537ec697719fa33a9d48210f4d06a463286d3",
        "version" : "3.4.3"
      }
    },
    {
      "identity" : "sdwebimage",
      "kind" : "remoteSourceControl",
      "location" : "https://github.com/SDWebImage/SDWebImage.git",
      "state" : {
        "branch" : "master",
        "revision" : "cc1995b73883a1f97931366879d862c53a32bf82"
      }
    },
    {
      "identity" : "swift-crypto",
      "kind" : "remoteSourceControl",
      "location" : "https://github.com/apple/swift-crypto.git",
      "state" : {
        "revision" : "d9825fa541df64b1a7b182178d61b9a82730d01f",
        "version" : "2.1.0"
      }
    },
    {
      "identity" : "umabasicalertkit",
      "kind" : "remoteSourceControl",
      "location" : "https://github.com/umaKim/UmaBasicAlertKit.git",
      "state" : {
        "branch" : "main",
        "revision" : "b38fab64f986a2a2447f06a05566111e44e84a85"
      }
    }
  ],
  "version" : 2
}
